
Microsoft Visual Studio Solution File, Format Version 12.00
# Visual Studio Version 16
VisualStudioVersion = 16.0.30204.135
MinimumVisualStudioVersion = 10.0.40219.1
Project("{9A19103F-16F7-4668-BE54-9A1E7A4F7556}") = "BankOfDotNet.Api", "BankOfDotNet.Api\BankOfDotNet.Api.csproj", "{C892C382-40C1-43BC-BFE7-5223A6D9F617}"
EndProject
Project("{FAE04EC0-301F-11D3-BF4B-00C04F79EFBC}") = "BankOfDotNet.IdentitySvr", "BankOfDotNet.IdentitySvr\BankOfDotNet.IdentitySvr.csproj", "{1F42E242-90FF-4C02-8112-FD388CC20AA7}"
EndProject
Global
	GlobalSection(SolutionConfigurationPlatforms) = preSolution
		Debug|Any CPU = Debug|Any CPU
		Release|Any CPU = Release|Any CPU
	EndGlobalSection
	GlobalSection(ProjectConfigurationPlatforms) = postSolution
		{C892C382-40C1-43BC-BFE7-5223A6D9F617}.Debug|Any CPU.ActiveCfg = Debug|Any CPU
		{C892C382-40C1-43BC-BFE7-5223A6D9F617}.Debug|Any CPU.Build.0 = Debug|Any CPU
		{C892C382-40C1-43BC-BFE7-5223A6D9F617}.Release|Any CPU.ActiveCfg = Release|Any CPU
		{C892C382-40C1-43BC-BFE7-5223A6D9F617}.Release|Any CPU.Build.0 = Release|Any CPU
		{1F42E242-90FF-4C02-8112-FD388CC20AA7}.Debug|Any CPU.ActiveCfg = Debug|Any CPU
		{1F42E242-90FF-4C02-8112-FD388CC20AA7}.Debug|Any CPU.Build.0 = Debug|Any CPU
		{1F42E242-90FF-4C02-8112-FD388CC20AA7}.Release|Any CPU.ActiveCfg = Release|Any CPU
		{1F42E242-90FF-4C02-8112-FD388CC20AA7}.Release|Any CPU.Build.0 = Release|Any CPU
	EndGlobalSection
	GlobalSection(SolutionProperties) = preSolution
		HideSolutionNode = FALSE
	EndGlobalSection
	GlobalSection(ExtensibilityGlobals) = postSolution
		SolutionGuid = {1A1815A6-EAB6-46D0-AB3F-A4DF1DDA1E1A}
	EndGlobalSection
EndGlobal
